
Microsoft Visual Studio Solution File, Format Version 12.00
# Visual Studio Version 16
VisualStudioVersion = 16.0.30309.148
MinimumVisualStudioVersion = 10.0.40219.1
Project("{8BC9CEB8-8B4A-11D0-8D11-00A0C91BC942}") = "Factory_Simulation", "Factory_Simulation\Factory_Simulation.vcxproj", "{97F948A2-FFC7-4C78-AF7D-AB373402B6E4}"
EndProject
Project("{8BC9CEB8-8B4A-11D0-8D11-00A0C91BC942}") = "Decentralized_Factory_Simulation", "Decentralized_Factory_Simulation\Decentralized_Factory_Simulation.vcxproj", "{25F7FA5A-BD68-4CC8-992D-286466F9AB63}"
EndProject
Global
	GlobalSection(SolutionConfigurationPlatforms) = preSolution
		Debug|x64 = Debug|x64
		Debug|x86 = Debug|x86
		Release|x64 = Release|x64
		Release|x86 = Release|x86
	EndGlobalSection
	GlobalSection(ProjectConfigurationPlatforms) = postSolution
		{97F948A2-FFC7-4C78-AF7D-AB373402B6E4}.Debug|x64.ActiveCfg = Debug|x64
		{97F948A2-FFC7-4C78-AF7D-AB373402B6E4}.Debug|x64.Build.0 = Debug|x64
		{97F948A2-FFC7-4C78-AF7D-AB373402B6E4}.Debug|x86.ActiveCfg = Debug|Win32
		{97F948A2-FFC7-4C78-AF7D-AB373402B6E4}.Debug|x86.Build.0 = Debug|Win32
		{97F948A2-FFC7-4C78-AF7D-AB373402B6E4}.Release|x64.ActiveCfg = Release|x64
		{97F948A2-FFC7-4C78-AF7D-AB373402B6E4}.Release|x64.Build.0 = Release|x64
		{97F948A2-FFC7-4C78-AF7D-AB373402B6E4}.Release|x86.ActiveCfg = Release|Win32
		{97F948A2-FFC7-4C78-AF7D-AB373402B6E4}.Release|x86.Build.0 = Release|Win32
		{25F7FA5A-BD68-4CC8-992D-286466F9AB63}.Debug|x64.ActiveCfg = Debug|x64
		{25F7FA5A-BD68-4CC8-992D-286466F9AB63}.Debug|x64.Build.0 = Debug|x64
		{25F7FA5A-BD68-4CC8-992D-286466F9AB63}.Debug|x86.ActiveCfg = Debug|Win32
		{25F7FA5A-BD68-4CC8-992D-286466F9AB63}.Debug|x86.Build.0 = Debug|Win32
		{25F7FA5A-BD68-4CC8-992D-286466F9AB63}.Release|x64.ActiveCfg = Release|x64
		{25F7FA5A-BD68-4CC8-992D-286466F9AB63}.Release|x64.Build.0 = Release|x64
		{25F7FA5A-BD68-4CC8-992D-286466F9AB63}.Release|x86.ActiveCfg = Release|Win32
		{25F7FA5A-BD68-4CC8-992D-286466F9AB63}.Release|x86.Build.0 = Release|Win32
	EndGlobalSection
	GlobalSection(SolutionProperties) = preSolution
		HideSolutionNode = FALSE
	EndGlobalSection
	GlobalSection(ExtensibilityGlobals) = postSolution
		SolutionGuid = {B460B388-9AD8-4578-871B-484E4933C540}
	EndGlobalSection
EndGlobal
